
Microsoft Visual Studio Solution File, Format Version 11.00
# Visual Studio 2010
Project("{FAE04EC0-301F-11D3-BF4B-00C04F79EFBC}") = "TPRV - Vuforia", "Assembly-CSharp.csproj", "{49CDF7DF-7CF5-202B-EDFF-53948B60D192}"
EndProject
Project("{FAE04EC0-301F-11D3-BF4B-00C04F79EFBC}") = "TPRV - Vuforia", "Assembly-CSharp-Editor.csproj", "{1836DBD0-3097-593D-039A-21065A3636B4}"
EndProject
Global
	GlobalSection(SolutionConfigurationPlatforms) = preSolution
		Debug|Any CPU = Debug|Any CPU
		Release|Any CPU = Release|Any CPU
	EndGlobalSection
	GlobalSection(ProjectConfigurationPlatforms) = postSolution
		{49CDF7DF-7CF5-202B-EDFF-53948B60D192}.Debug|Any CPU.ActiveCfg = Debug|Any CPU
		{49CDF7DF-7CF5-202B-EDFF-53948B60D192}.Debug|Any CPU.Build.0 = Debug|Any CPU
		{49CDF7DF-7CF5-202B-EDFF-53948B60D192}.Release|Any CPU.ActiveCfg = Release|Any CPU
		{49CDF7DF-7CF5-202B-EDFF-53948B60D192}.Release|Any CPU.Build.0 = Release|Any CPU
		{1836DBD0-3097-593D-039A-21065A3636B4}.Debug|Any CPU.ActiveCfg = Debug|Any CPU
		{1836DBD0-3097-593D-039A-21065A3636B4}.Debug|Any CPU.Build.0 = Debug|Any CPU
		{1836DBD0-3097-593D-039A-21065A3636B4}.Release|Any CPU.ActiveCfg = Release|Any CPU
		{1836DBD0-3097-593D-039A-21065A3636B4}.Release|Any CPU.Build.0 = Release|Any CPU
	EndGlobalSection
	GlobalSection(SolutionProperties) = preSolution
		HideSolutionNode = FALSE
	EndGlobalSection
	GlobalSection(MonoDevelopProperties) = preSolution
		StartupItem = Assembly-CSharp.csproj
	EndGlobalSection
EndGlobal
